
Microsoft Visual Studio Solution File, Format Version 12.00
# Visual Studio 15
VisualStudioVersion = 15.0.27703.2042
MinimumVisualStudioVersion = 10.0.40219.1
Project("{FAE04EC0-301F-11D3-BF4B-00C04F79EFBC}") = "TaskManagerApp", "TaskManagerApp\TaskManagerApp.csproj", "{293CCAFC-45D0-4014-B081-FCB33A4F464D}"
EndProject
Global
	GlobalSection(SolutionConfigurationPlatforms) = preSolution
		Debug|Any CPU = Debug|Any CPU
		Release|Any CPU = Release|Any CPU
	EndGlobalSection
	GlobalSection(ProjectConfigurationPlatforms) = postSolution
		{293CCAFC-45D0-4014-B081-FCB33A4F464D}.Debug|Any CPU.ActiveCfg = Debug|Any CPU
		{293CCAFC-45D0-4014-B081-FCB33A4F464D}.Debug|Any CPU.Build.0 = Debug|Any CPU
		{293CCAFC-45D0-4014-B081-FCB33A4F464D}.Release|Any CPU.ActiveCfg = Release|Any CPU
		{293CCAFC-45D0-4014-B081-FCB33A4F464D}.Release|Any CPU.Build.0 = Release|Any CPU
	EndGlobalSection
	GlobalSection(SolutionProperties) = preSolution
		HideSolutionNode = FALSE
	EndGlobalSection
	GlobalSection(ExtensibilityGlobals) = postSolution
		SolutionGuid = {743BAFD8-5289-400A-8BF8-87A1B42914E1}
	EndGlobalSection
EndGlobal
